
Microsoft Visual Studio Solution File, Format Version 12.00
# Visual Studio Version 17
VisualStudioVersion = 17.1.32319.34
MinimumVisualStudioVersion = 10.0.40219.1
Project("{9A19103F-16F7-4668-BE54-9A1E7A4F7556}") = "SistemaAcademicoCore", "SistemaAcademicoCore\SistemaAcademicoCore.csproj", "{497B8400-0A75-403B-96C1-A1F7F2360335}"
	ProjectSection(ProjectDependencies) = postProject
		{5200AF7F-8D0A-4A27-8810-433127C788FD} = {5200AF7F-8D0A-4A27-8810-433127C788FD}
		{0D0E4DF6-58F4-4369-8C49-255308527D4E} = {0D0E4DF6-58F4-4369-8C49-255308527D4E}
	EndProjectSection
EndProject
Project("{9A19103F-16F7-4668-BE54-9A1E7A4F7556}") = "Domain", "Domain\Domain.csproj", "{71CAAE4C-A1AC-4013-B1BC-3C129338A91B}"
EndProject
Project("{9A19103F-16F7-4668-BE54-9A1E7A4F7556}") = "SistemaAcademicoData", "SistemaAcademicoData\SistemaAcademicoData.csproj", "{21999228-829A-4C79-AA29-378B3408A47F}"
EndProject
Project("{9A19103F-16F7-4668-BE54-9A1E7A4F7556}") = "SistemaAcademicoApplication", "SistemaAcademicoApplication\SistemaAcademicoApplication.csproj", "{0D0E4DF6-58F4-4369-8C49-255308527D4E}"
EndProject
Project("{9A19103F-16F7-4668-BE54-9A1E7A4F7556}") = "SistemaAcademicoInfrastructure", "SistemaAcademicoInfrastructure\SistemaAcademicoInfrastructure.csproj", "{5200AF7F-8D0A-4A27-8810-433127C788FD}"
	ProjectSection(ProjectDependencies) = postProject
		{71CAAE4C-A1AC-4013-B1BC-3C129338A91B} = {71CAAE4C-A1AC-4013-B1BC-3C129338A91B}
		{0D0E4DF6-58F4-4369-8C49-255308527D4E} = {0D0E4DF6-58F4-4369-8C49-255308527D4E}
	EndProjectSection
EndProject
Global
	GlobalSection(SolutionConfigurationPlatforms) = preSolution
		Debug|Any CPU = Debug|Any CPU
		Development|Any CPU = Development|Any CPU
		Release|Any CPU = Release|Any CPU
	EndGlobalSection
	GlobalSection(ProjectConfigurationPlatforms) = postSolution
		{497B8400-0A75-403B-96C1-A1F7F2360335}.Debug|Any CPU.ActiveCfg = Debug|Any CPU
		{497B8400-0A75-403B-96C1-A1F7F2360335}.Debug|Any CPU.Build.0 = Debug|Any CPU
		{497B8400-0A75-403B-96C1-A1F7F2360335}.Development|Any CPU.ActiveCfg = Development|Any CPU
		{497B8400-0A75-403B-96C1-A1F7F2360335}.Development|Any CPU.Build.0 = Development|Any CPU
		{497B8400-0A75-403B-96C1-A1F7F2360335}.Release|Any CPU.ActiveCfg = Release|Any CPU
		{497B8400-0A75-403B-96C1-A1F7F2360335}.Release|Any CPU.Build.0 = Release|Any CPU
		{71CAAE4C-A1AC-4013-B1BC-3C129338A91B}.Debug|Any CPU.ActiveCfg = Debug|Any CPU
		{71CAAE4C-A1AC-4013-B1BC-3C129338A91B}.Debug|Any CPU.Build.0 = Debug|Any CPU
		{71CAAE4C-A1AC-4013-B1BC-3C129338A91B}.Development|Any CPU.ActiveCfg = Development|Any CPU
		{71CAAE4C-A1AC-4013-B1BC-3C129338A91B}.Development|Any CPU.Build.0 = Development|Any CPU
		{71CAAE4C-A1AC-4013-B1BC-3C129338A91B}.Release|Any CPU.ActiveCfg = Release|Any CPU
		{71CAAE4C-A1AC-4013-B1BC-3C129338A91B}.Release|Any CPU.Build.0 = Release|Any CPU
		{21999228-829A-4C79-AA29-378B3408A47F}.Debug|Any CPU.ActiveCfg = Debug|Any CPU
		{21999228-829A-4C79-AA29-378B3408A47F}.Debug|Any CPU.Build.0 = Debug|Any CPU
		{21999228-829A-4C79-AA29-378B3408A47F}.Development|Any CPU.ActiveCfg = Development|Any CPU
		{21999228-829A-4C79-AA29-378B3408A47F}.Development|Any CPU.Build.0 = Development|Any CPU
		{21999228-829A-4C79-AA29-378B3408A47F}.Release|Any CPU.ActiveCfg = Release|Any CPU
		{21999228-829A-4C79-AA29-378B3408A47F}.Release|Any CPU.Build.0 = Release|Any CPU
		{0D0E4DF6-58F4-4369-8C49-255308527D4E}.Debug|Any CPU.ActiveCfg = Debug|Any CPU
		{0D0E4DF6-58F4-4369-8C49-255308527D4E}.Debug|Any CPU.Build.0 = Debug|Any CPU
		{0D0E4DF6-58F4-4369-8C49-255308527D4E}.Development|Any CPU.ActiveCfg = Development|Any CPU
		{0D0E4DF6-58F4-4369-8C49-255308527D4E}.Development|Any CPU.Build.0 = Development|Any CPU
		{0D0E4DF6-58F4-4369-8C49-255308527D4E}.Release|Any CPU.ActiveCfg = Release|Any CPU
		{0D0E4DF6-58F4-4369-8C49-255308527D4E}.Release|Any CPU.Build.0 = Release|Any CPU
		{5200AF7F-8D0A-4A27-8810-433127C788FD}.Debug|Any CPU.ActiveCfg = Debug|Any CPU
		{5200AF7F-8D0A-4A27-8810-433127C788FD}.Debug|Any CPU.Build.0 = Debug|Any CPU
		{5200AF7F-8D0A-4A27-8810-433127C788FD}.Development|Any CPU.ActiveCfg = Development|Any CPU
		{5200AF7F-8D0A-4A27-8810-433127C788FD}.Development|Any CPU.Build.0 = Development|Any CPU
		{5200AF7F-8D0A-4A27-8810-433127C788FD}.Release|Any CPU.ActiveCfg = Release|Any CPU
		{5200AF7F-8D0A-4A27-8810-433127C788FD}.Release|Any CPU.Build.0 = Release|Any CPU
	EndGlobalSection
	GlobalSection(SolutionProperties) = preSolution
		HideSolutionNode = FALSE
	EndGlobalSection
	GlobalSection(ExtensibilityGlobals) = postSolution
		SolutionGuid = {61504AEF-EBC0-46C6-A281-2C1C3368F404}
	EndGlobalSection
EndGlobal
